
Microsoft Visual Studio Solution File, Format Version 12.00
# Visual Studio Version 16
VisualStudioVersion = 16.0.31410.357
MinimumVisualStudioVersion = 10.0.40219.1
Project("{FAE04EC0-301F-11D3-BF4B-00C04F79EFBC}") = "EditorImg", "EditorImg\EditorImg.csproj", "{768EEF42-EDF7-4B6F-8390-5541AC81F2B5}"
EndProject
Global
	GlobalSection(SolutionConfigurationPlatforms) = preSolution
		Debug|Any CPU = Debug|Any CPU
		Release|Any CPU = Release|Any CPU
	EndGlobalSection
	GlobalSection(ProjectConfigurationPlatforms) = postSolution
		{768EEF42-EDF7-4B6F-8390-5541AC81F2B5}.Debug|Any CPU.ActiveCfg = Debug|Any CPU
		{768EEF42-EDF7-4B6F-8390-5541AC81F2B5}.Debug|Any CPU.Build.0 = Debug|Any CPU
		{768EEF42-EDF7-4B6F-8390-5541AC81F2B5}.Release|Any CPU.ActiveCfg = Release|Any CPU
		{768EEF42-EDF7-4B6F-8390-5541AC81F2B5}.Release|Any CPU.Build.0 = Release|Any CPU
	EndGlobalSection
	GlobalSection(SolutionProperties) = preSolution
		HideSolutionNode = FALSE
	EndGlobalSection
	GlobalSection(ExtensibilityGlobals) = postSolution
		SolutionGuid = {14EFCC2B-B544-4359-A860-25E4CC2FE097}
	EndGlobalSection
EndGlobal
